# This file is automatically @generated by Cargo.
# It is not intended for manual editing.
[[package]]
name = "solution"
version = "0.1.0"
dependencies = [
 "splitmut",
]

[[package]]
name = "splitmut"
version = "0.2.1"
source = "registry+https://github.com/rust-lang/crates.io-index"
checksum = "c85070f382340e8b23a75808e83573ddf65f9ad9143df9573ca37c1ed2ee956a"
